
Microsoft Visual Studio Solution File, Format Version 12.00
# Visual Studio Version 16
VisualStudioVersion = 16.0.30621.155
MinimumVisualStudioVersion = 10.0.40219.1
Project("{FAE04EC0-301F-11D3-BF4B-00C04F79EFBC}") = "SureMeasure.Android", "MeasureApp\MeasureApp.Android\SureMeasure.Android.csproj", "{1B6F1A9D-D2AF-44C4-93E0-7B00FB877FF4}"
EndProject
Project("{9A19103F-16F7-4668-BE54-9A1E7A4F7556}") = "SureMeasure", "MeasureApp\MeasureApp\SureMeasure.csproj", "{D0132C19-C089-4E81-B4F4-1AD978732174}"
EndProject
Project("{9A19103F-16F7-4668-BE54-9A1E7A4F7556}") = "2DrawContourEngine", "..\2DrawContourEngine\2DrawContourEngine\2DrawContourEngine.csproj", "{F1E9871E-744B-4E82-8D80-F3FEA6E119FC}"
EndProject
Project("{9A19103F-16F7-4668-BE54-9A1E7A4F7556}") = "LaserProjectionSDK", "..\LaserProjectionSDK\LaserProjectionSDK\LaserProjectionSDK.csproj", "{9A6B28F9-903B-4033-9EE2-AB467959DC5B}"
EndProject
Global
	GlobalSection(SolutionConfigurationPlatforms) = preSolution
		Debug|Any CPU = Debug|Any CPU
		Release|Any CPU = Release|Any CPU
	EndGlobalSection
	GlobalSection(ProjectConfigurationPlatforms) = postSolution
		{1B6F1A9D-D2AF-44C4-93E0-7B00FB877FF4}.Debug|Any CPU.ActiveCfg = Debug|Any CPU
		{1B6F1A9D-D2AF-44C4-93E0-7B00FB877FF4}.Debug|Any CPU.Build.0 = Debug|Any CPU
		{1B6F1A9D-D2AF-44C4-93E0-7B00FB877FF4}.Debug|Any CPU.Deploy.0 = Debug|Any CPU
		{1B6F1A9D-D2AF-44C4-93E0-7B00FB877FF4}.Release|Any CPU.ActiveCfg = Release|Any CPU
		{1B6F1A9D-D2AF-44C4-93E0-7B00FB877FF4}.Release|Any CPU.Build.0 = Release|Any CPU
		{1B6F1A9D-D2AF-44C4-93E0-7B00FB877FF4}.Release|Any CPU.Deploy.0 = Release|Any CPU
		{D0132C19-C089-4E81-B4F4-1AD978732174}.Debug|Any CPU.ActiveCfg = Debug|Any CPU
		{D0132C19-C089-4E81-B4F4-1AD978732174}.Debug|Any CPU.Build.0 = Debug|Any CPU
		{D0132C19-C089-4E81-B4F4-1AD978732174}.Debug|Any CPU.Deploy.0 = Debug|Any CPU
		{D0132C19-C089-4E81-B4F4-1AD978732174}.Release|Any CPU.ActiveCfg = Release|Any CPU
		{D0132C19-C089-4E81-B4F4-1AD978732174}.Release|Any CPU.Build.0 = Release|Any CPU
		{D0132C19-C089-4E81-B4F4-1AD978732174}.Release|Any CPU.Deploy.0 = Release|Any CPU
		{F1E9871E-744B-4E82-8D80-F3FEA6E119FC}.Debug|Any CPU.ActiveCfg = Debug|Any CPU
		{F1E9871E-744B-4E82-8D80-F3FEA6E119FC}.Debug|Any CPU.Build.0 = Debug|Any CPU
		{F1E9871E-744B-4E82-8D80-F3FEA6E119FC}.Release|Any CPU.ActiveCfg = Release|Any CPU
		{F1E9871E-744B-4E82-8D80-F3FEA6E119FC}.Release|Any CPU.Build.0 = Release|Any CPU
		{9A6B28F9-903B-4033-9EE2-AB467959DC5B}.Debug|Any CPU.ActiveCfg = Debug|Any CPU
		{9A6B28F9-903B-4033-9EE2-AB467959DC5B}.Debug|Any CPU.Build.0 = Debug|Any CPU
		{9A6B28F9-903B-4033-9EE2-AB467959DC5B}.Release|Any CPU.ActiveCfg = Release|Any CPU
		{9A6B28F9-903B-4033-9EE2-AB467959DC5B}.Release|Any CPU.Build.0 = Release|Any CPU
	EndGlobalSection
	GlobalSection(SolutionProperties) = preSolution
		HideSolutionNode = FALSE
	EndGlobalSection
	GlobalSection(ExtensibilityGlobals) = postSolution
		SolutionGuid = {C2C586DF-1A27-4293-9258-57DEC4087F3B}
	EndGlobalSection
EndGlobal
